{
  "lockfileVersion": 1,
  "configVersion": 1,
  "workspaces": {
    "": {
      "name": "agy-acp-map",
      "dependencies": {
        "@agentclientprotocol/sdk": "^1.4.0",
      },
      "devDependencies": {
        "@modelcontextprotocol/server": "^2.1.0",
        "bun-types": "^1.4.2",
        "zod": "^4.6.5",
      },
    },
  },
  "packages": {
    "@agentclientprotocol/sdk": ["@agentclientprotocol/sdk@1.4.0", "", { "peerDependencies": { "zod": "^3.25.0 || ^4.0.0" } }, "sha512-/eufudw+aFY1LKLolT6yFE6UMmYRl7fMJ/DEONSIyR6wI3slHWITBsANRGqXEY8FRzqUxwh7QEaGiZHcJPVThg=="],

    "@modelcontextprotocol/core": ["@modelcontextprotocol/core@2.1.0", "", { "dependencies": { "zod": "^4.2.0" } }, "sha512-YdFj5gMRHr0gYNAhTbQDgjLHiEJdIAUYxomhKseUNye7ZGlISQmUoLh2sveFFCiQ7j2YMffT1kgSND0FSfIFjQ=="],

    "@modelcontextprotocol/server": ["@modelcontextprotocol/server@2.1.0", "", { "dependencies": { "@modelcontextprotocol/core": "2.1.0", "zod": "^4.2.0" } }, "sha512-FdvwZU5N03O77Suh35JqjAqq5R1ZTEPFtwu6N4BgBq28qrQtrCnpbLL5U2pwYCuE194jAw0xnlOVmIqhfoYuUQ=="],

    "@types/node": ["@types/node@26.6.2", "", { "dependencies": { "undici-types": "~8.9.0" } }, "sha512-X1P21scMv4zGKLYqjdGjaKa7COa0RKVYYZZN/NfvLQ1JegxFhdhpZG/Lyn8AXx6CDUavKAd11v6BvfpkDByK8g=="],

    "bun-types": ["bun-types@1.4.2", "", { "dependencies": { "@types/node": "*" } }, "sha512-bxV1FgK7yBIzjRe5zBozIM4Bem11ZJcCXSrjWRG3YWLt8yFDePu4cLjpebO8OvPeIE9trbyPF4fuj3Cia4Fj3w=="],

    "undici-types": ["undici-types@8.9.0", "", {}, "sha512-KTDyRTYX8sWmKXAikPHHSyc63CRPETMctyjKFupcC6OBLXT3xsN0e9aF7m+mIXutFWpUXuedtowG7iLOzp0kQg=="],

    "zod": ["zod@4.6.5", "", {}, "sha512-v5l/aFXZQeai4awLbOpSoHecE9UiMrnfx75tEXLjNonXVARxQ5mOeipTjROUchszUNCqnE+hqAMujRsRHsut2Q=="],
  }
}
